
Microsoft Visual Studio Solution File, Format Version 12.00
# Visual Studio 15
VisualStudioVersion = 15.0.34112.143
MinimumVisualStudioVersion = 10.0.40219.1
Project("{FAE04EC0-301F-11D3-BF4B-00C04F79EFBC}") = "GeometryClass", "GeometryClass\GeometryClass.csproj", "{D9A03C1A-0B46-4D48-92BE-4AD3D0AC9A73}"
EndProject
Project("{FAE04EC0-301F-11D3-BF4B-00C04F79EFBC}") = "GeometryClassTests", "GeometryClassTests\GeometryClassTests.csproj", "{F04051C8-291B-43C4-9FEC-DAF03CC256EE}"
EndProject
Global
	GlobalSection(SolutionConfigurationPlatforms) = preSolution
		Debug|Any CPU = Debug|Any CPU
		Release|Any CPU = Release|Any CPU
	EndGlobalSection
	GlobalSection(ProjectConfigurationPlatforms) = postSolution
		{D9A03C1A-0B46-4D48-92BE-4AD3D0AC9A73}.Debug|Any CPU.ActiveCfg = Debug|Any CPU
		{D9A03C1A-0B46-4D48-92BE-4AD3D0AC9A73}.Debug|Any CPU.Build.0 = Debug|Any CPU
		{D9A03C1A-0B46-4D48-92BE-4AD3D0AC9A73}.Release|Any CPU.ActiveCfg = Release|Any CPU
		{D9A03C1A-0B46-4D48-92BE-4AD3D0AC9A73}.Release|Any CPU.Build.0 = Release|Any CPU
		{F04051C8-291B-43C4-9FEC-DAF03CC256EE}.Debug|Any CPU.ActiveCfg = Debug|Any CPU
		{F04051C8-291B-43C4-9FEC-DAF03CC256EE}.Debug|Any CPU.Build.0 = Debug|Any CPU
		{F04051C8-291B-43C4-9FEC-DAF03CC256EE}.Release|Any CPU.ActiveCfg = Release|Any CPU
		{F04051C8-291B-43C4-9FEC-DAF03CC256EE}.Release|Any CPU.Build.0 = Release|Any CPU
	EndGlobalSection
	GlobalSection(SolutionProperties) = preSolution
		HideSolutionNode = FALSE
	EndGlobalSection
	GlobalSection(ExtensibilityGlobals) = postSolution
		SolutionGuid = {1AA5D4A8-D479-4420-836F-8B43314D70C1}
	EndGlobalSection
EndGlobal
